
Microsoft Visual Studio Solution File, Format Version 12.00
# Visual Studio Version 16
VisualStudioVersion = 16.0.30717.126
MinimumVisualStudioVersion = 10.0.40219.1
Project("{FAE04EC0-301F-11D3-BF4B-00C04F79EFBC}") = "Yara", "Yara\Yara.csproj", "{EB587E0D-5F04-452E-AB6C-6FA635523686}"
EndProject
Project("{2150E333-8FDC-42A3-9474-1A3956D46DE8}") = "Docs", "Docs", "{29B36CCC-71BC-40DB-9839-944E95AF3462}"
EndProject
Global
	GlobalSection(SolutionConfigurationPlatforms) = preSolution
		Debug|Any CPU = Debug|Any CPU
		Release|Any CPU = Release|Any CPU
	EndGlobalSection
	GlobalSection(ProjectConfigurationPlatforms) = postSolution
		{EB587E0D-5F04-452E-AB6C-6FA635523686}.Debug|Any CPU.ActiveCfg = Debug|Any CPU
		{EB587E0D-5F04-452E-AB6C-6FA635523686}.Debug|Any CPU.Build.0 = Debug|Any CPU
		{EB587E0D-5F04-452E-AB6C-6FA635523686}.Debug|Any CPU.Deploy.0 = Debug|Any CPU
		{EB587E0D-5F04-452E-AB6C-6FA635523686}.Release|Any CPU.ActiveCfg = Release|Any CPU
		{EB587E0D-5F04-452E-AB6C-6FA635523686}.Release|Any CPU.Build.0 = Release|Any CPU
		{EB587E0D-5F04-452E-AB6C-6FA635523686}.Release|Any CPU.Deploy.0 = Release|Any CPU
	EndGlobalSection
	GlobalSection(SolutionProperties) = preSolution
		HideSolutionNode = FALSE
	EndGlobalSection
	GlobalSection(ExtensibilityGlobals) = postSolution
		SolutionGuid = {E3138908-01EF-4E1C-A431-6F389E02A3A4}
	EndGlobalSection
EndGlobal
